
Microsoft Visual Studio Solution File, Format Version 12.00
# Visual Studio Version 16
VisualStudioVersion = 16.0.31829.152
MinimumVisualStudioVersion = 10.0.40219.1
Project("{FAE04EC0-301F-11D3-BF4B-00C04F79EFBC}") = "Exerc1_Tabuada", "Exerc1_Tabuada.csproj", "{03D8EF21-BED7-4AB8-A374-6D5C942008FC}"
EndProject
Global
	GlobalSection(SolutionConfigurationPlatforms) = preSolution
		Debug|Any CPU = Debug|Any CPU
		Release|Any CPU = Release|Any CPU
	EndGlobalSection
	GlobalSection(ProjectConfigurationPlatforms) = postSolution
		{03D8EF21-BED7-4AB8-A374-6D5C942008FC}.Debug|Any CPU.ActiveCfg = Debug|Any CPU
		{03D8EF21-BED7-4AB8-A374-6D5C942008FC}.Debug|Any CPU.Build.0 = Debug|Any CPU
		{03D8EF21-BED7-4AB8-A374-6D5C942008FC}.Release|Any CPU.ActiveCfg = Release|Any CPU
		{03D8EF21-BED7-4AB8-A374-6D5C942008FC}.Release|Any CPU.Build.0 = Release|Any CPU
	EndGlobalSection
	GlobalSection(SolutionProperties) = preSolution
		HideSolutionNode = FALSE
	EndGlobalSection
	GlobalSection(ExtensibilityGlobals) = postSolution
		SolutionGuid = {3F43DA77-B18E-4246-88A1-DBEC077F8E12}
	EndGlobalSection
EndGlobal
